
Microsoft Visual Studio Solution File, Format Version 12.00
# Visual Studio Version 17
VisualStudioVersion = 17.11.35219.272
MinimumVisualStudioVersion = 10.0.40219.1
Project("{FAE04EC0-301F-11D3-BF4B-00C04F79EFBC}") = "ChatUser", "ChatUser\ChatUser.csproj", "{34B64698-1C12-404D-A02C-56CD1EF95985}"
EndProject
Global
	GlobalSection(SolutionConfigurationPlatforms) = preSolution
		Debug|Any CPU = Debug|Any CPU
		Release|Any CPU = Release|Any CPU
	EndGlobalSection
	GlobalSection(ProjectConfigurationPlatforms) = postSolution
		{34B64698-1C12-404D-A02C-56CD1EF95985}.Debug|Any CPU.ActiveCfg = Debug|Any CPU
		{34B64698-1C12-404D-A02C-56CD1EF95985}.Debug|Any CPU.Build.0 = Debug|Any CPU
		{34B64698-1C12-404D-A02C-56CD1EF95985}.Release|Any CPU.ActiveCfg = Release|Any CPU
		{34B64698-1C12-404D-A02C-56CD1EF95985}.Release|Any CPU.Build.0 = Release|Any CPU
	EndGlobalSection
	GlobalSection(SolutionProperties) = preSolution
		HideSolutionNode = FALSE
	EndGlobalSection
	GlobalSection(ExtensibilityGlobals) = postSolution
		SolutionGuid = {070AEFD8-68F6-4921-B681-D6D68E3C21DF}
	EndGlobalSection
EndGlobal
